// !$*UTF8*$!
{
	archiveVersion = 1;
	classes = {
	};
	objectVersion = 77;
	objects = {

/* Begin PBXBuildFile section */
		059DE2854656C4B0CE9689B4 /* AppRuntime.swift in Sources */ = {isa = PBXBuildFile; fileRef = E2FBE51187CC801868A83713 /* AppRuntime.swift */; };
		084C6834DE32FFB34B74BB24 /* QwenStreamingEngine.swift in Sources */ = {isa = PBXBuildFile; fileRef = 355528023AD14CD7B210BE90 /* QwenStreamingEngine.swift */; };
		0E24E32EC04130A67661276F /* Permissions.swift in Sources */ = {isa = PBXBuildFile; fileRef = 624223B2EA263ADD9BCCABC0 /* Permissions.swift */; };
		15643974DAEA1C05D6F8A958 /* AudioCapture.swift in Sources */ = {isa = PBXBuildFile; fileRef = 50B63BF21131CF5D8842BF2E /* AudioCapture.swift */; };
		21A11F1E6DB507E7B02EDA3F /* SkillManager.swift in Sources */ = {isa = PBXBuildFile; fileRef = 041BC0308D18699181D28DB0 /* SkillManager.swift */; };
		320326E4CFC8FAF4FBF8C605 /* ModelDownloadTests.swift in Sources */ = {isa = PBXBuildFile; fileRef = BBB46A34EFEACE9B88D4FF97 /* ModelDownloadTests.swift */; };
		334E2EC2FBEE9F3BF516C853 /* DictationHotkeyTests.swift in Sources */ = {isa = PBXBuildFile; fileRef = FE7EA6EE09D1E2F7ACAED29B /* DictationHotkeyTests.swift */; };
		385F927C1683F07948C4C19F /* RefinementValidator.swift in Sources */ = {isa = PBXBuildFile; fileRef = 2A41F1E0738B31E4EA913173 /* RefinementValidator.swift */; };
		3BDEDE89BD377329E31812CA /* DomainSkill.swift in Sources */ = {isa = PBXBuildFile; fileRef = A778482390949CF4D3EF3372 /* DomainSkill.swift */; };
		3C4AF9139583977664D75969 /* AppState.swift in Sources */ = {isa = PBXBuildFile; fileRef = 0BEF577A973A9CC0A0E0ECD3 /* AppState.swift */; };
		405B1712FE340FAA6BC6B5BB /* ProfessionalRefinementPolicyTests.swift in Sources */ = {isa = PBXBuildFile; fileRef = 0022A810B35FBC1FD3E7E9B7 /* ProfessionalRefinementPolicyTests.swift */; };
		46B4DED9C9505923C11241EB /* MemoryMonitor.swift in Sources */ = {isa = PBXBuildFile; fileRef = 2D587CA2F38D1E76EED42F6E /* MemoryMonitor.swift */; };
		4B5B9125EAB4ED429E893777 /* RollingTranscriptTests.swift in Sources */ = {isa = PBXBuildFile; fileRef = 10895756A000077987FC383C /* RollingTranscriptTests.swift */; };
		4BE2F210E1AFAD6BD759D769 /* ProfessionalRefiner.swift in Sources */ = {isa = PBXBuildFile; fileRef = 74C3B356511BF53356C1D902 /* ProfessionalRefiner.swift */; };
		4CA49F03E967C8168A7D3812 /* DictationPreferences.swift in Sources */ = {isa = PBXBuildFile; fileRef = B5331157A1A69AEB59F0CD26 /* DictationPreferences.swift */; };
		53A3154CB8FD11635B27DA81 /* OverlayPanel.swift in Sources */ = {isa = PBXBuildFile; fileRef = 21D50F5CDAD4775ED4C4A671 /* OverlayPanel.swift */; };
		5654F9EC420CA3E8AAD30139 /* TextCleanerTests.swift in Sources */ = {isa = PBXBuildFile; fileRef = C2C2DCFDEBAE48B6C4AA3A3F /* TextCleanerTests.swift */; };
		59FE705E197D10DBDEF1ED4A /* ProfessionalRefinementPolicy.swift in Sources */ = {isa = PBXBuildFile; fileRef = 06E1056492BE028DDF6A0A66 /* ProfessionalRefinementPolicy.swift */; };
		5C04C29FA7F2FD5AFC451C2C /* PushToTalkKeyMonitor.swift in Sources */ = {isa = PBXBuildFile; fileRef = 64F54ADF24B9CB397EAF7CBB /* PushToTalkKeyMonitor.swift */; };
		60B0A30D8BF1325BF69DA228 /* Skills in Resources */ = {isa = PBXBuildFile; fileRef = AD2F0385999BE688923C2F6D /* Skills */; };
		641CAD6A15C2CB8CCC063839 /* ModelManifestTests.swift in Sources */ = {isa = PBXBuildFile; fileRef = ADDF31986AB83A9F9B2C0D3A /* ModelManifestTests.swift */; };
		6A194E9CA6B120801DF3C3A9 /* LICENSE in Resources */ = {isa = PBXBuildFile; fileRef = F5D34224EDADE7E6A543FCB2 /* LICENSE */; };
		794D1DBC9BDC33E7DB508DA8 /* DictationPreferencesTests.swift in Sources */ = {isa = PBXBuildFile; fileRef = 1B2985E643FE071721D99107 /* DictationPreferencesTests.swift */; };
		7F38F1F6EB87A8128190F510 /* MLXLMCommon in Frameworks */ = {isa = PBXBuildFile; productRef = CC230ADCE104CAD63D275893 /* MLXLMCommon */; };
		81B37903A0A84DADCDB99F68 /* ModelManifest.swift in Sources */ = {isa = PBXBuildFile; fileRef = 953CB3BF54025CFEB2102A6B /* ModelManifest.swift */; };
		81F77B475FD77F9B4AF00513 /* TextInserter.swift in Sources */ = {isa = PBXBuildFile; fileRef = 6AAC366939AC45C5286B376C /* TextInserter.swift */; };
		821F53A2346F10A7180F043F /* MLXAudioCore in Frameworks */ = {isa = PBXBuildFile; productRef = 5E2A54671867ACD9149F76C8 /* MLXAudioCore */; };
		994183A30603CA316A559CBF /* MLXAudioSTT in Frameworks */ = {isa = PBXBuildFile; productRef = 842177AF54728EE5306C7E45 /* MLXAudioSTT */; };
		9E86CFB5E258CD6FD7107386 /* DomainSkillTests.swift in Sources */ = {isa = PBXBuildFile; fileRef = 8260C6E95774E6C066F7A1F6 /* DomainSkillTests.swift */; };
		9F6193FA1F00E853D6BBC95D /* DictationHotkey.swift in Sources */ = {isa = PBXBuildFile; fileRef = B34D718EACE798D60F38145B /* DictationHotkey.swift */; };
		AD188C12C7BBC026E4E539D3 /* ModelManager.swift in Sources */ = {isa = PBXBuildFile; fileRef = 4D50BD956C8AB994762A24D7 /* ModelManager.swift */; };
		B1CCD74297878DCBCB1F566E /* TextCleaner.swift in Sources */ = {isa = PBXBuildFile; fileRef = 179ED0A37BB0BE748D69842B /* TextCleaner.swift */; };
		B2043FAEBB399B8AD823BA09 /* Tokenizers in Frameworks */ = {isa = PBXBuildFile; productRef = 5D1028F4E07FFA3948B1DEA4 /* Tokenizers */; };
		B795CB776003A243D10EDAF6 /* RefinementValidatorTests.swift in Sources */ = {isa = PBXBuildFile; fileRef = 166425D36736E27042415449 /* RefinementValidatorTests.swift */; };
		B916043ED5A57F4BC2953B12 /* MLXLLM in Frameworks */ = {isa = PBXBuildFile; productRef = 53ED9789B7ED233845739BB6 /* MLXLLM */; };
		CC33E54720FE9E183D56F54A /* SettingsView.swift in Sources */ = {isa = PBXBuildFile; fileRef = 96330C4FFF99628520BEF49E /* SettingsView.swift */; };
		E1B8656F9D2D5F429450AD2D /* AudioSmithApp.swift in Sources */ = {isa = PBXBuildFile; fileRef = 803F0ED70CB2D3B78BD0D20C /* AudioSmithApp.swift */; };
		E45DEC7BB6DDE75106A95208 /* Skills in Resources */ = {isa = PBXBuildFile; fileRef = 9E03FB45D72A4375457C6DE9 /* Skills */; };
		F0F6B04E6D3D03DAF0DF39F0 /* ScreenLocator.swift in Sources */ = {isa = PBXBuildFile; fileRef = 2229D722D126422E8BD43D5D /* ScreenLocator.swift */; };
		FBAABC84006E46D7EC343989 /* THIRD_PARTY_NOTICES.md in Resources */ = {isa = PBXBuildFile; fileRef = 3033D95AB320C8C83A70A0B2 /* THIRD_PARTY_NOTICES.md */; };
/* End PBXBuildFile section */

/* Begin PBXContainerItemProxy section */
		C818C421F018A17D7E109619 /* PBXContainerItemProxy */ = {
			isa = PBXContainerItemProxy;
			containerPortal = E87A5760C93C2E369E0FE707 /* Project object */;
			proxyType = 1;
			remoteGlobalIDString = 0AAB3494B6E40534FCAF61CE;
			remoteInfo = AudioSmith;
		};
/* End PBXContainerItemProxy section */

/* Begin PBXFileReference section */
		0022A810B35FBC1FD3E7E9B7 /* ProfessionalRefinementPolicyTests.swift */ = {isa = PBXFileReference; lastKnownFileType = sourcecode.swift; path = ProfessionalRefinementPolicyTests.swift; sourceTree = "<group>"; };
		041BC0308D18699181D28DB0 /* SkillManager.swift */ = {isa = PBXFileReference; lastKnownFileType = sourcecode.swift; path = SkillManager.swift; sourceTree = "<group>"; };
		06E1056492BE028DDF6A0A66 /* ProfessionalRefinementPolicy.swift */ = {isa = PBXFileReference; lastKnownFileType = sourcecode.swift; path = ProfessionalRefinementPolicy.swift; sourceTree = "<group>"; };
		0BEF577A973A9CC0A0E0ECD3 /* AppState.swift */ = {isa = PBXFileReference; lastKnownFileType = sourcecode.swift; path = AppState.swift; sourceTree = "<group>"; };
		10895756A000077987FC383C /* RollingTranscriptTests.swift */ = {isa = PBXFileReference; lastKnownFileType = sourcecode.swift; path = RollingTranscriptTests.swift; sourceTree = "<group>"; };
		166425D36736E27042415449 /* RefinementValidatorTests.swift */ = {isa = PBXFileReference; lastKnownFileType = sourcecode.swift; path = RefinementValidatorTests.swift; sourceTree = "<group>"; };
		179ED0A37BB0BE748D69842B /* TextCleaner.swift */ = {isa = PBXFileReference; lastKnownFileType = sourcecode.swift; path = TextCleaner.swift; sourceTree = "<group>"; };
		1B2985E643FE071721D99107 /* DictationPreferencesTests.swift */ = {isa = PBXFileReference; lastKnownFileType = sourcecode.swift; path = DictationPreferencesTests.swift; sourceTree = "<group>"; };
		21D50F5CDAD4775ED4C4A671 /* OverlayPanel.swift */ = {isa = PBXFileReference; lastKnownFileType = sourcecode.swift; path = OverlayPanel.swift; sourceTree = "<group>"; };
		2229D722D126422E8BD43D5D /* ScreenLocator.swift */ = {isa = PBXFileReference; lastKnownFileType = sourcecode.swift; path = ScreenLocator.swift; sourceTree = "<group>"; };
		2A41F1E0738B31E4EA913173 /* RefinementValidator.swift */ = {isa = PBXFileReference; lastKnownFileType = sourcecode.swift; path = RefinementValidator.swift; sourceTree = "<group>"; };
		2D587CA2F38D1E76EED42F6E /* MemoryMonitor.swift */ = {isa = PBXFileReference; lastKnownFileType = sourcecode.swift; path = MemoryMonitor.swift; sourceTree = "<group>"; };
		3033D95AB320C8C83A70A0B2 /* THIRD_PARTY_NOTICES.md */ = {isa = PBXFileReference; lastKnownFileType = net.daringfireball.markdown; path = THIRD_PARTY_NOTICES.md; sourceTree = "<group>"; };
		355528023AD14CD7B210BE90 /* QwenStreamingEngine.swift */ = {isa = PBXFileReference; lastKnownFileType = sourcecode.swift; path = QwenStreamingEngine.swift; sourceTree = "<group>"; };
		38AFCA7434425F938A558E2C /* Audio Smith.app */ = {isa = PBXFileReference; explicitFileType = wrapper.application; includeInIndex = 0; path = "Audio Smith.app"; sourceTree = BUILT_PRODUCTS_DIR; };
		4D50BD956C8AB994762A24D7 /* ModelManager.swift */ = {isa = PBXFileReference; lastKnownFileType = sourcecode.swift; path = ModelManager.swift; sourceTree = "<group>"; };
		50B63BF21131CF5D8842BF2E /* AudioCapture.swift */ = {isa = PBXFileReference; lastKnownFileType = sourcecode.swift; path = AudioCapture.swift; sourceTree = "<group>"; };
		624223B2EA263ADD9BCCABC0 /* Permissions.swift */ = {isa = PBXFileReference; lastKnownFileType = sourcecode.swift; path = Permissions.swift; sourceTree = "<group>"; };
		64F54ADF24B9CB397EAF7CBB /* PushToTalkKeyMonitor.swift */ = {isa = PBXFileReference; lastKnownFileType = sourcecode.swift; path = PushToTalkKeyMonitor.swift; sourceTree = "<group>"; };
		6AAC366939AC45C5286B376C /* TextInserter.swift */ = {isa = PBXFileReference; lastKnownFileType = sourcecode.swift; path = TextInserter.swift; sourceTree = "<group>"; };
		74C3B356511BF53356C1D902 /* ProfessionalRefiner.swift */ = {isa = PBXFileReference; lastKnownFileType = sourcecode.swift; path = ProfessionalRefiner.swift; sourceTree = "<group>"; };
		803F0ED70CB2D3B78BD0D20C /* AudioSmithApp.swift */ = {isa = PBXFileReference; lastKnownFileType = sourcecode.swift; path = AudioSmithApp.swift; sourceTree = "<group>"; };
		8260C6E95774E6C066F7A1F6 /* DomainSkillTests.swift */ = {isa = PBXFileReference; lastKnownFileType = sourcecode.swift; path = DomainSkillTests.swift; sourceTree = "<group>"; };
		953CB3BF54025CFEB2102A6B /* ModelManifest.swift */ = {isa = PBXFileReference; lastKnownFileType = sourcecode.swift; path = ModelManifest.swift; sourceTree = "<group>"; };
		96330C4FFF99628520BEF49E /* SettingsView.swift */ = {isa = PBXFileReference; lastKnownFileType = sourcecode.swift; path = SettingsView.swift; sourceTree = "<group>"; };
		9E03FB45D72A4375457C6DE9 /* Skills */ = {isa = PBXFileReference; lastKnownFileType = folder; name = Skills; path = Examples/Skills; sourceTree = SOURCE_ROOT; };
		A778482390949CF4D3EF3372 /* DomainSkill.swift */ = {isa = PBXFileReference; lastKnownFileType = sourcecode.swift; path = DomainSkill.swift; sourceTree = "<group>"; };
		AD2F0385999BE688923C2F6D /* Skills */ = {isa = PBXFileReference; lastKnownFileType = folder; name = Skills; path = AudioSmith/Resources/Skills; sourceTree = SOURCE_ROOT; };
		ADDF31986AB83A9F9B2C0D3A /* ModelManifestTests.swift */ = {isa = PBXFileReference; lastKnownFileType = sourcecode.swift; path = ModelManifestTests.swift; sourceTree = "<group>"; };
		B34D718EACE798D60F38145B /* DictationHotkey.swift */ = {isa = PBXFileReference; lastKnownFileType = sourcecode.swift; path = DictationHotkey.swift; sourceTree = "<group>"; };
		B5331157A1A69AEB59F0CD26 /* DictationPreferences.swift */ = {isa = PBXFileReference; lastKnownFileType = sourcecode.swift; path = DictationPreferences.swift; sourceTree = "<group>"; };
		BBB46A34EFEACE9B88D4FF97 /* ModelDownloadTests.swift */ = {isa = PBXFileReference; lastKnownFileType = sourcecode.swift; path = ModelDownloadTests.swift; sourceTree = "<group>"; };
		C2C2DCFDEBAE48B6C4AA3A3F /* TextCleanerTests.swift */ = {isa = PBXFileReference; lastKnownFileType = sourcecode.swift; path = TextCleanerTests.swift; sourceTree = "<group>"; };
		E2FBE51187CC801868A83713 /* AppRuntime.swift */ = {isa = PBXFileReference; lastKnownFileType = sourcecode.swift; path = AppRuntime.swift; sourceTree = "<group>"; };
		E3D185EE9B2FC8B84A6A8594 /* AudioSmithTests.xctest */ = {isa = PBXFileReference; explicitFileType = wrapper.cfbundle; includeInIndex = 0; path = AudioSmithTests.xctest; sourceTree = BUILT_PRODUCTS_DIR; };
		F5D34224EDADE7E6A543FCB2 /* LICENSE */ = {isa = PBXFileReference; path = LICENSE; sourceTree = "<group>"; };
		FE7EA6EE09D1E2F7ACAED29B /* DictationHotkeyTests.swift */ = {isa = PBXFileReference; lastKnownFileType = sourcecode.swift; path = DictationHotkeyTests.swift; sourceTree = "<group>"; };
/* End PBXFileReference section */

/* Begin PBXFrameworksBuildPhase section */
		C7CF7623A8DC1FC54A9948AA /* Frameworks */ = {
			isa = PBXFrameworksBuildPhase;
			buildActionMask = 2147483647;
			files = (
				821F53A2346F10A7180F043F /* MLXAudioCore in Frameworks */,
				994183A30603CA316A559CBF /* MLXAudioSTT in Frameworks */,
				B916043ED5A57F4BC2953B12 /* MLXLLM in Frameworks */,
				7F38F1F6EB87A8128190F510 /* MLXLMCommon in Frameworks */,
				B2043FAEBB399B8AD823BA09 /* Tokenizers in Frameworks */,
			);
			runOnlyForDeploymentPostprocessing = 0;
		};
/* End PBXFrameworksBuildPhase section */

/* Begin PBXGroup section */
		18CD3117711E65C0C3DEBA32 /* Refinement */ = {
			isa = PBXGroup;
			children = (
				06E1056492BE028DDF6A0A66 /* ProfessionalRefinementPolicy.swift */,
				74C3B356511BF53356C1D902 /* ProfessionalRefiner.swift */,
				2A41F1E0738B31E4EA913173 /* RefinementValidator.swift */,
			);
			path = Refinement;
			sourceTree = "<group>";
		};
		246FAC045115DBA23572E03C /* Hotkey */ = {
			isa = PBXGroup;
			children = (
				B34D718EACE798D60F38145B /* DictationHotkey.swift */,
				64F54ADF24B9CB397EAF7CBB /* PushToTalkKeyMonitor.swift */,
			);
			path = Hotkey;
			sourceTree = "<group>";
		};
		3698670DBE7F243A49917237 /* UI */ = {
			isa = PBXGroup;
			children = (
				21D50F5CDAD4775ED4C4A671 /* OverlayPanel.swift */,
				96330C4FFF99628520BEF49E /* SettingsView.swift */,
			);
			path = UI;
			sourceTree = "<group>";
		};
		43BEAFBCCD6248C2DF55F3FA /* ASR */ = {
			isa = PBXGroup;
			children = (
				355528023AD14CD7B210BE90 /* QwenStreamingEngine.swift */,
			);
			path = ASR;
			sourceTree = "<group>";
		};
		4CEF05A4BC2BC74C4E1102D3 /* Examples */ = {
			isa = PBXGroup;
			children = (
				9E03FB45D72A4375457C6DE9 /* Skills */,
			);
			path = Examples;
			sourceTree = "<group>";
		};
		7B17004478D2DACC32D6C01B = {
			isa = PBXGroup;
			children = (
				F5D34224EDADE7E6A543FCB2 /* LICENSE */,
				3033D95AB320C8C83A70A0B2 /* THIRD_PARTY_NOTICES.md */,
				8B0C402C08E6BF6925ADC4DB /* AudioSmith */,
				B740170599D07D1288C212F2 /* AudioSmithTests */,
				4CEF05A4BC2BC74C4E1102D3 /* Examples */,
				E8BC4CC867ED0082FA117EEB /* Products */,
			);
			sourceTree = "<group>";
		};
		7EF7208825D163529FDE554A /* System */ = {
			isa = PBXGroup;
			children = (
				2D587CA2F38D1E76EED42F6E /* MemoryMonitor.swift */,
				624223B2EA263ADD9BCCABC0 /* Permissions.swift */,
				2229D722D126422E8BD43D5D /* ScreenLocator.swift */,
				179ED0A37BB0BE748D69842B /* TextCleaner.swift */,
				6AAC366939AC45C5286B376C /* TextInserter.swift */,
			);
			path = System;
			sourceTree = "<group>";
		};
		8B0C402C08E6BF6925ADC4DB /* AudioSmith */ = {
			isa = PBXGroup;
			children = (
				F3D0D7133E6A0A0E192B8E52 /* App */,
				43BEAFBCCD6248C2DF55F3FA /* ASR */,
				AF4160B91520B871DDF34F51 /* Audio */,
				246FAC045115DBA23572E03C /* Hotkey */,
				B516DC6B81D9895C454CC774 /* Model */,
				18CD3117711E65C0C3DEBA32 /* Refinement */,
				D98798EB1B9AD79C303ED19B /* Resources */,
				FFB2F8F4C8A38EC33FB182BC /* Skills */,
				7EF7208825D163529FDE554A /* System */,
				3698670DBE7F243A49917237 /* UI */,
			);
			path = AudioSmith;
			sourceTree = "<group>";
		};
		AF4160B91520B871DDF34F51 /* Audio */ = {
			isa = PBXGroup;
			children = (
				50B63BF21131CF5D8842BF2E /* AudioCapture.swift */,
			);
			path = Audio;
			sourceTree = "<group>";
		};
		B516DC6B81D9895C454CC774 /* Model */ = {
			isa = PBXGroup;
			children = (
				4D50BD956C8AB994762A24D7 /* ModelManager.swift */,
				953CB3BF54025CFEB2102A6B /* ModelManifest.swift */,
			);
			path = Model;
			sourceTree = "<group>";
		};
		B740170599D07D1288C212F2 /* AudioSmithTests */ = {
			isa = PBXGroup;
			children = (
				FE7EA6EE09D1E2F7ACAED29B /* DictationHotkeyTests.swift */,
				1B2985E643FE071721D99107 /* DictationPreferencesTests.swift */,
				8260C6E95774E6C066F7A1F6 /* DomainSkillTests.swift */,
				BBB46A34EFEACE9B88D4FF97 /* ModelDownloadTests.swift */,
				ADDF31986AB83A9F9B2C0D3A /* ModelManifestTests.swift */,
				0022A810B35FBC1FD3E7E9B7 /* ProfessionalRefinementPolicyTests.swift */,
				166425D36736E27042415449 /* RefinementValidatorTests.swift */,
				10895756A000077987FC383C /* RollingTranscriptTests.swift */,
				C2C2DCFDEBAE48B6C4AA3A3F /* TextCleanerTests.swift */,
			);
			path = AudioSmithTests;
			sourceTree = "<group>";
		};
		D98798EB1B9AD79C303ED19B /* Resources */ = {
			isa = PBXGroup;
			children = (
				AD2F0385999BE688923C2F6D /* Skills */,
			);
			path = Resources;
			sourceTree = "<group>";
		};
		E8BC4CC867ED0082FA117EEB /* Products */ = {
			isa = PBXGroup;
			children = (
				38AFCA7434425F938A558E2C /* Audio Smith.app */,
				E3D185EE9B2FC8B84A6A8594 /* AudioSmithTests.xctest */,
			);
			name = Products;
			sourceTree = "<group>";
		};
		F3D0D7133E6A0A0E192B8E52 /* App */ = {
			isa = PBXGroup;
			children = (
				E2FBE51187CC801868A83713 /* AppRuntime.swift */,
				0BEF577A973A9CC0A0E0ECD3 /* AppState.swift */,
				803F0ED70CB2D3B78BD0D20C /* AudioSmithApp.swift */,
				B5331157A1A69AEB59F0CD26 /* DictationPreferences.swift */,
			);
			path = App;
			sourceTree = "<group>";
		};
		FFB2F8F4C8A38EC33FB182BC /* Skills */ = {
			isa = PBXGroup;
			children = (
				A778482390949CF4D3EF3372 /* DomainSkill.swift */,
				041BC0308D18699181D28DB0 /* SkillManager.swift */,
			);
			path = Skills;
			sourceTree = "<group>";
		};
/* End PBXGroup section */

/* Begin PBXNativeTarget section */
		0AAB3494B6E40534FCAF61CE /* AudioSmith */ = {
			isa = PBXNativeTarget;
			buildConfigurationList = CE2E542FE0D5DBC53C239BF3 /* Build configuration list for PBXNativeTarget "AudioSmith" */;
			buildPhases = (
				D6436E5644926F18A919D59E /* Sources */,
				79E9AADCC2D56229924CA1AC /* Resources */,
				C7CF7623A8DC1FC54A9948AA /* Frameworks */,
			);
			buildRules = (
			);
			dependencies = (
			);
			name = AudioSmith;
			packageProductDependencies = (
				5E2A54671867ACD9149F76C8 /* MLXAudioCore */,
				842177AF54728EE5306C7E45 /* MLXAudioSTT */,
				53ED9789B7ED233845739BB6 /* MLXLLM */,
				CC230ADCE104CAD63D275893 /* MLXLMCommon */,
				5D1028F4E07FFA3948B1DEA4 /* Tokenizers */,
			);
			productName = AudioSmith;
			productReference = 38AFCA7434425F938A558E2C /* Audio Smith.app */;
			productType = "com.apple.product-type.application";
		};
		F9E9FD83CACDE04C62F381B2 /* AudioSmithTests */ = {
			isa = PBXNativeTarget;
			buildConfigurationList = 215153DB0EE7A2DB8D80A3B1 /* Build configuration list for PBXNativeTarget "AudioSmithTests" */;
			buildPhases = (
				EB8BF20C816BDB6E7246E297 /* Sources */,
				752FF7E2C950437BFEC431E4 /* Resources */,
			);
			buildRules = (
			);
			dependencies = (
				906CC788B76D311E5656D9E8 /* PBXTargetDependency */,
			);
			name = AudioSmithTests;
			packageProductDependencies = (
			);
			productName = AudioSmithTests;
			productReference = E3D185EE9B2FC8B84A6A8594 /* AudioSmithTests.xctest */;
			productType = "com.apple.product-type.bundle.unit-test";
		};
/* End PBXNativeTarget section */

/* Begin PBXProject section */
		E87A5760C93C2E369E0FE707 /* Project object */ = {
			isa = PBXProject;
			attributes = {
				BuildIndependentTargetsInParallel = YES;
				LastUpgradeCheck = 1430;
				TargetAttributes = {
					0AAB3494B6E40534FCAF61CE = {
						ProvisioningStyle = Automatic;
					};
				};
			};
			buildConfigurationList = 0FA76290004DE1AF9D24D335 /* Build configuration list for PBXProject "AudioSmith" */;
			developmentRegion = en;
			hasScannedForEncodings = 0;
			knownRegions = (
				Base,
				en,
			);
			mainGroup = 7B17004478D2DACC32D6C01B;
			minimizedProjectReferenceProxies = 1;
			packageReferences = (
				C0286CE65C57A582B96C39CF /* XCRemoteSwiftPackageReference "mlx-audio-swift" */,
				494773B85CC109F56654C23E /* XCRemoteSwiftPackageReference "mlx-swift-lm" */,
				1E039AFB43A5D96DE4F68C64 /* XCRemoteSwiftPackageReference "swift-transformers" */,
			);
			preferredProjectObjectVersion = 77;
			productRefGroup = E8BC4CC867ED0082FA117EEB /* Products */;
			projectDirPath = "";
			projectRoot = "";
			targets = (
				0AAB3494B6E40534FCAF61CE /* AudioSmith */,
				F9E9FD83CACDE04C62F381B2 /* AudioSmithTests */,
			);
		};
/* End PBXProject section */

/* Begin PBXResourcesBuildPhase section */
		752FF7E2C950437BFEC431E4 /* Resources */ = {
			isa = PBXResourcesBuildPhase;
			buildActionMask = 2147483647;
			files = (
				E45DEC7BB6DDE75106A95208 /* Skills in Resources */,
			);
			runOnlyForDeploymentPostprocessing = 0;
		};
		79E9AADCC2D56229924CA1AC /* Resources */ = {
			isa = PBXResourcesBuildPhase;
			buildActionMask = 2147483647;
			files = (
				6A194E9CA6B120801DF3C3A9 /* LICENSE in Resources */,
				60B0A30D8BF1325BF69DA228 /* Skills in Resources */,
				FBAABC84006E46D7EC343989 /* THIRD_PARTY_NOTICES.md in Resources */,
			);
			runOnlyForDeploymentPostprocessing = 0;
		};
/* End PBXResourcesBuildPhase section */

/* Begin PBXSourcesBuildPhase section */
		D6436E5644926F18A919D59E /* Sources */ = {
			isa = PBXSourcesBuildPhase;
			buildActionMask = 2147483647;
			files = (
				059DE2854656C4B0CE9689B4 /* AppRuntime.swift in Sources */,
				3C4AF9139583977664D75969 /* AppState.swift in Sources */,
				15643974DAEA1C05D6F8A958 /* AudioCapture.swift in Sources */,
				E1B8656F9D2D5F429450AD2D /* AudioSmithApp.swift in Sources */,
				9F6193FA1F00E853D6BBC95D /* DictationHotkey.swift in Sources */,
				4CA49F03E967C8168A7D3812 /* DictationPreferences.swift in Sources */,
				3BDEDE89BD377329E31812CA /* DomainSkill.swift in Sources */,
				46B4DED9C9505923C11241EB /* MemoryMonitor.swift in Sources */,
				AD188C12C7BBC026E4E539D3 /* ModelManager.swift in Sources */,
				81B37903A0A84DADCDB99F68 /* ModelManifest.swift in Sources */,
				53A3154CB8FD11635B27DA81 /* OverlayPanel.swift in Sources */,
				0E24E32EC04130A67661276F /* Permissions.swift in Sources */,
				59FE705E197D10DBDEF1ED4A /* ProfessionalRefinementPolicy.swift in Sources */,
				4BE2F210E1AFAD6BD759D769 /* ProfessionalRefiner.swift in Sources */,
				5C04C29FA7F2FD5AFC451C2C /* PushToTalkKeyMonitor.swift in Sources */,
				084C6834DE32FFB34B74BB24 /* QwenStreamingEngine.swift in Sources */,
				385F927C1683F07948C4C19F /* RefinementValidator.swift in Sources */,
				F0F6B04E6D3D03DAF0DF39F0 /* ScreenLocator.swift in Sources */,
				CC33E54720FE9E183D56F54A /* SettingsView.swift in Sources */,
				21A11F1E6DB507E7B02EDA3F /* SkillManager.swift in Sources */,
				B1CCD74297878DCBCB1F566E /* TextCleaner.swift in Sources */,
				81F77B475FD77F9B4AF00513 /* TextInserter.swift in Sources */,
			);
			runOnlyForDeploymentPostprocessing = 0;
		};
		EB8BF20C816BDB6E7246E297 /* Sources */ = {
			isa = PBXSourcesBuildPhase;
			buildActionMask = 2147483647;
			files = (
				334E2EC2FBEE9F3BF516C853 /* DictationHotkeyTests.swift in Sources */,
				794D1DBC9BDC33E7DB508DA8 /* DictationPreferencesTests.swift in Sources */,
				9E86CFB5E258CD6FD7107386 /* DomainSkillTests.swift in Sources */,
				320326E4CFC8FAF4FBF8C605 /* ModelDownloadTests.swift in Sources */,
				641CAD6A15C2CB8CCC063839 /* ModelManifestTests.swift in Sources */,
				405B1712FE340FAA6BC6B5BB /* ProfessionalRefinementPolicyTests.swift in Sources */,
				B795CB776003A243D10EDAF6 /* RefinementValidatorTests.swift in Sources */,
				4B5B9125EAB4ED429E893777 /* RollingTranscriptTests.swift in Sources */,
				5654F9EC420CA3E8AAD30139 /* TextCleanerTests.swift in Sources */,
			);
			runOnlyForDeploymentPostprocessing = 0;
		};
/* End PBXSourcesBuildPhase section */

/* Begin PBXTargetDependency section */
		906CC788B76D311E5656D9E8 /* PBXTargetDependency */ = {
			isa = PBXTargetDependency;
			target = 0AAB3494B6E40534FCAF61CE /* AudioSmith */;
			targetProxy = C818C421F018A17D7E109619 /* PBXContainerItemProxy */;
		};
/* End PBXTargetDependency section */

/* Begin XCBuildConfiguration section */
		01ECE2C8048BEFD6E2AB8ECC /* Release */ = {
			isa = XCBuildConfiguration;
			buildSettings = {
				APP_DISPLAY_NAME = "Audio Smith";
				ASSETCATALOG_COMPILER_APPICON_NAME = AppIcon;
				CODE_SIGN_ENTITLEMENTS = AudioSmith/Resources/AudioSmith.entitlements;
				CODE_SIGN_STYLE = Automatic;
				COMBINE_HIDPI_IMAGES = YES;
				CURRENT_PROJECT_VERSION = 1;
				ENABLE_APP_SANDBOX = NO;
				EXECUTABLE_NAME = AudioSmith;
				GENERATE_INFOPLIST_FILE = NO;
				INFOPLIST_FILE = AudioSmith/Resources/Info.plist;
				LD_RUNPATH_SEARCH_PATHS = (
					"$(inherited)",
					"@executable_path/../Frameworks",
				);
				MARKETING_VERSION = 0.1.0;
				PRODUCT_BUNDLE_IDENTIFIER = com.xingfuyi.AudioSmith;
				PRODUCT_MODULE_NAME = AudioSmith;
				PRODUCT_NAME = "Audio Smith";
				SDKROOT = macosx;
			};
			name = Release;
		};
		33F0C97CA6BE33A18A850567 /* Test */ = {
			isa = XCBuildConfiguration;
			buildSettings = {
				BUNDLE_LOADER = "$(TEST_HOST)";
				COMBINE_HIDPI_IMAGES = YES;
				GENERATE_INFOPLIST_FILE = YES;
				LD_RUNPATH_SEARCH_PATHS = (
					"$(inherited)",
					"@executable_path/../Frameworks",
					"@loader_path/../Frameworks",
				);
				PRODUCT_BUNDLE_IDENTIFIER = com.xingfuyi.AudioSmithTests;
				SDKROOT = macosx;
				TEST_HOST = "$(BUILT_PRODUCTS_DIR)/Audio Smith.app/Contents/MacOS/AudioSmith";
			};
			name = Test;
		};
		44A4567FEA0969B48C600A17 /* Release */ = {
			isa = XCBuildConfiguration;
			buildSettings = {
				ALWAYS_SEARCH_USER_PATHS = NO;
				ARCHS = arm64;
				CLANG_ANALYZER_NONNULL = YES;
				CLANG_ANALYZER_NUMBER_OBJECT_CONVERSION = YES_AGGRESSIVE;
				CLANG_CXX_LANGUAGE_STANDARD = "gnu++14";
				CLANG_CXX_LIBRARY = "libc++";
				CLANG_ENABLE_MODULES = YES;
				CLANG_ENABLE_OBJC_ARC = YES;
				CLANG_ENABLE_OBJC_WEAK = YES;
				CLANG_WARN_BLOCK_CAPTURE_AUTORELEASING = YES;
				CLANG_WARN_BOOL_CONVERSION = YES;
				CLANG_WARN_COMMA = YES;
				CLANG_WARN_CONSTANT_CONVERSION = YES;
				CLANG_WARN_DEPRECATED_OBJC_IMPLEMENTATIONS = YES;
				CLANG_WARN_DIRECT_OBJC_ISA_USAGE = YES_ERROR;
				CLANG_WARN_DOCUMENTATION_COMMENTS = YES;
				CLANG_WARN_EMPTY_BODY = YES;
				CLANG_WARN_ENUM_CONVERSION = YES;
				CLANG_WARN_INFINITE_RECURSION = YES;
				CLANG_WARN_INT_CONVERSION = YES;
				CLANG_WARN_NON_LITERAL_NULL_CONVERSION = YES;
				CLANG_WARN_OBJC_IMPLICIT_RETAIN_SELF = YES;
				CLANG_WARN_OBJC_LITERAL_CONVERSION = YES;
				CLANG_WARN_OBJC_ROOT_CLASS = YES_ERROR;
				CLANG_WARN_QUOTED_INCLUDE_IN_FRAMEWORK_HEADER = YES;
				CLANG_WARN_RANGE_LOOP_ANALYSIS = YES;
				CLANG_WARN_STRICT_PROTOTYPES = YES;
				CLANG_WARN_SUSPICIOUS_MOVE = YES;
				CLANG_WARN_UNGUARDED_AVAILABILITY = YES_AGGRESSIVE;
				CLANG_WARN_UNREACHABLE_CODE = YES;
				CLANG_WARN__DUPLICATE_METHOD_MATCH = YES;
				COPY_PHASE_STRIP = NO;
				DEAD_CODE_STRIPPING = YES;
				DEBUG_INFORMATION_FORMAT = "dwarf-with-dsym";
				ENABLE_HARDENED_RUNTIME = YES;
				ENABLE_NS_ASSERTIONS = NO;
				ENABLE_STRICT_OBJC_MSGSEND = YES;
				GCC_C_LANGUAGE_STANDARD = gnu11;
				GCC_NO_COMMON_BLOCKS = YES;
				GCC_WARN_64_TO_32_BIT_CONVERSION = YES;
				GCC_WARN_ABOUT_RETURN_TYPE = YES_ERROR;
				GCC_WARN_UNDECLARED_SELECTOR = YES;
				GCC_WARN_UNINITIALIZED_AUTOS = YES_AGGRESSIVE;
				GCC_WARN_UNUSED_FUNCTION = YES;
				GCC_WARN_UNUSED_VARIABLE = YES;
				MACOSX_DEPLOYMENT_TARGET = 14.0;
				MTL_ENABLE_DEBUG_INFO = NO;
				MTL_FAST_MATH = YES;
				ONLY_ACTIVE_ARCH = NO;
				PRODUCT_NAME = "$(TARGET_NAME)";
				SDKROOT = macosx;
				SWIFT_COMPILATION_MODE = wholemodule;
				SWIFT_OPTIMIZATION_LEVEL = "-O";
				SWIFT_VERSION = 6.0;
			};
			name = Release;
		};
		8830AAF0FC9CBB3DCD3D1870 /* Test */ = {
			isa = XCBuildConfiguration;
			buildSettings = {
				APP_DISPLAY_NAME = "Audio Smith Test Host";
				ASSETCATALOG_COMPILER_APPICON_NAME = AppIcon;
				CODE_SIGN_ENTITLEMENTS = AudioSmith/Resources/AudioSmith.entitlements;
				CODE_SIGN_STYLE = Automatic;
				COMBINE_HIDPI_IMAGES = YES;
				CURRENT_PROJECT_VERSION = 1;
				ENABLE_APP_SANDBOX = NO;
				EXECUTABLE_NAME = AudioSmith;
				GENERATE_INFOPLIST_FILE = NO;
				INFOPLIST_FILE = AudioSmith/Resources/Info.plist;
				LD_RUNPATH_SEARCH_PATHS = (
					"$(inherited)",
					"@executable_path/../Frameworks",
				);
				MARKETING_VERSION = 0.1.0;
				PRODUCT_BUNDLE_IDENTIFIER = com.xingfuyi.AudioSmith.TestHost;
				PRODUCT_MODULE_NAME = AudioSmith;
				PRODUCT_NAME = "Audio Smith";
				SDKROOT = macosx;
			};
			name = Test;
		};
		AFCF1432298BFCA7679F3123 /* Debug */ = {
			isa = XCBuildConfiguration;
			buildSettings = {
				ALWAYS_SEARCH_USER_PATHS = NO;
				ARCHS = arm64;
				CLANG_ANALYZER_NONNULL = YES;
				CLANG_ANALYZER_NUMBER_OBJECT_CONVERSION = YES_AGGRESSIVE;
				CLANG_CXX_LANGUAGE_STANDARD = "gnu++14";
				CLANG_CXX_LIBRARY = "libc++";
				CLANG_ENABLE_MODULES = YES;
				CLANG_ENABLE_OBJC_ARC = YES;
				CLANG_ENABLE_OBJC_WEAK = YES;
				CLANG_WARN_BLOCK_CAPTURE_AUTORELEASING = YES;
				CLANG_WARN_BOOL_CONVERSION = YES;
				CLANG_WARN_COMMA = YES;
				CLANG_WARN_CONSTANT_CONVERSION = YES;
				CLANG_WARN_DEPRECATED_OBJC_IMPLEMENTATIONS = YES;
				CLANG_WARN_DIRECT_OBJC_ISA_USAGE = YES_ERROR;
				CLANG_WARN_DOCUMENTATION_COMMENTS = YES;
				CLANG_WARN_EMPTY_BODY = YES;
				CLANG_WARN_ENUM_CONVERSION = YES;
				CLANG_WARN_INFINITE_RECURSION = YES;
				CLANG_WARN_INT_CONVERSION = YES;
				CLANG_WARN_NON_LITERAL_NULL_CONVERSION = YES;
				CLANG_WARN_OBJC_IMPLICIT_RETAIN_SELF = YES;
				CLANG_WARN_OBJC_LITERAL_CONVERSION = YES;
				CLANG_WARN_OBJC_ROOT_CLASS = YES_ERROR;
				CLANG_WARN_QUOTED_INCLUDE_IN_FRAMEWORK_HEADER = YES;
				CLANG_WARN_RANGE_LOOP_ANALYSIS = YES;
				CLANG_WARN_STRICT_PROTOTYPES = YES;
				CLANG_WARN_SUSPICIOUS_MOVE = YES;
				CLANG_WARN_UNGUARDED_AVAILABILITY = YES_AGGRESSIVE;
				CLANG_WARN_UNREACHABLE_CODE = YES;
				CLANG_WARN__DUPLICATE_METHOD_MATCH = YES;
				COPY_PHASE_STRIP = NO;
				DEAD_CODE_STRIPPING = YES;
				DEBUG_INFORMATION_FORMAT = dwarf;
				ENABLE_HARDENED_RUNTIME = YES;
				ENABLE_STRICT_OBJC_MSGSEND = YES;
				ENABLE_TESTABILITY = YES;
				GCC_C_LANGUAGE_STANDARD = gnu11;
				GCC_DYNAMIC_NO_PIC = NO;
				GCC_NO_COMMON_BLOCKS = YES;
				GCC_OPTIMIZATION_LEVEL = 0;
				GCC_PREPROCESSOR_DEFINITIONS = (
					"$(inherited)",
					"DEBUG=1",
				);
				GCC_WARN_64_TO_32_BIT_CONVERSION = YES;
				GCC_WARN_ABOUT_RETURN_TYPE = YES_ERROR;
				GCC_WARN_UNDECLARED_SELECTOR = YES;
				GCC_WARN_UNINITIALIZED_AUTOS = YES_AGGRESSIVE;
				GCC_WARN_UNUSED_FUNCTION = YES;
				GCC_WARN_UNUSED_VARIABLE = YES;
				MACOSX_DEPLOYMENT_TARGET = 14.0;
				MTL_ENABLE_DEBUG_INFO = INCLUDE_SOURCE;
				MTL_FAST_MATH = YES;
				ONLY_ACTIVE_ARCH = NO;
				PRODUCT_NAME = "$(TARGET_NAME)";
				SDKROOT = macosx;
				SWIFT_ACTIVE_COMPILATION_CONDITIONS = DEBUG;
				SWIFT_OPTIMIZATION_LEVEL = "-Onone";
				SWIFT_VERSION = 6.0;
			};
			name = Debug;
		};
		C1710C2095BE2368B12B6C3D /* Test */ = {
			isa = XCBuildConfiguration;
			buildSettings = {
				ALWAYS_SEARCH_USER_PATHS = NO;
				ARCHS = arm64;
				CLANG_ANALYZER_NONNULL = YES;
				CLANG_ANALYZER_NUMBER_OBJECT_CONVERSION = YES_AGGRESSIVE;
				CLANG_CXX_LANGUAGE_STANDARD = "gnu++14";
				CLANG_CXX_LIBRARY = "libc++";
				CLANG_ENABLE_MODULES = YES;
				CLANG_ENABLE_OBJC_ARC = YES;
				CLANG_ENABLE_OBJC_WEAK = YES;
				CLANG_WARN_BLOCK_CAPTURE_AUTORELEASING = YES;
				CLANG_WARN_BOOL_CONVERSION = YES;
				CLANG_WARN_COMMA = YES;
				CLANG_WARN_CONSTANT_CONVERSION = YES;
				CLANG_WARN_DEPRECATED_OBJC_IMPLEMENTATIONS = YES;
				CLANG_WARN_DIRECT_OBJC_ISA_USAGE = YES_ERROR;
				CLANG_WARN_DOCUMENTATION_COMMENTS = YES;
				CLANG_WARN_EMPTY_BODY = YES;
				CLANG_WARN_ENUM_CONVERSION = YES;
				CLANG_WARN_INFINITE_RECURSION = YES;
				CLANG_WARN_INT_CONVERSION = YES;
				CLANG_WARN_NON_LITERAL_NULL_CONVERSION = YES;
				CLANG_WARN_OBJC_IMPLICIT_RETAIN_SELF = YES;
				CLANG_WARN_OBJC_LITERAL_CONVERSION = YES;
				CLANG_WARN_OBJC_ROOT_CLASS = YES_ERROR;
				CLANG_WARN_QUOTED_INCLUDE_IN_FRAMEWORK_HEADER = YES;
				CLANG_WARN_RANGE_LOOP_ANALYSIS = YES;
				CLANG_WARN_STRICT_PROTOTYPES = YES;
				CLANG_WARN_SUSPICIOUS_MOVE = YES;
				CLANG_WARN_UNGUARDED_AVAILABILITY = YES_AGGRESSIVE;
				CLANG_WARN_UNREACHABLE_CODE = YES;
				CLANG_WARN__DUPLICATE_METHOD_MATCH = YES;
				COPY_PHASE_STRIP = NO;
				DEAD_CODE_STRIPPING = YES;
				DEBUG_INFORMATION_FORMAT = dwarf;
				ENABLE_HARDENED_RUNTIME = YES;
				ENABLE_STRICT_OBJC_MSGSEND = YES;
				ENABLE_TESTABILITY = YES;
				GCC_C_LANGUAGE_STANDARD = gnu11;
				GCC_DYNAMIC_NO_PIC = NO;
				GCC_NO_COMMON_BLOCKS = YES;
				GCC_OPTIMIZATION_LEVEL = 0;
				GCC_PREPROCESSOR_DEFINITIONS = (
					"$(inherited)",
					"DEBUG=1",
				);
				GCC_WARN_64_TO_32_BIT_CONVERSION = YES;
				GCC_WARN_ABOUT_RETURN_TYPE = YES_ERROR;
				GCC_WARN_UNDECLARED_SELECTOR = YES;
				GCC_WARN_UNINITIALIZED_AUTOS = YES_AGGRESSIVE;
				GCC_WARN_UNUSED_FUNCTION = YES;
				GCC_WARN_UNUSED_VARIABLE = YES;
				MACOSX_DEPLOYMENT_TARGET = 14.0;
				MTL_ENABLE_DEBUG_INFO = INCLUDE_SOURCE;
				MTL_FAST_MATH = YES;
				ONLY_ACTIVE_ARCH = NO;
				PRODUCT_NAME = "$(TARGET_NAME)";
				SDKROOT = macosx;
				SWIFT_ACTIVE_COMPILATION_CONDITIONS = DEBUG;
				SWIFT_OPTIMIZATION_LEVEL = "-Onone";
				SWIFT_VERSION = 6.0;
			};
			name = Test;
		};
		DD392A6A175F1BEBBAF455D1 /* Release */ = {
			isa = XCBuildConfiguration;
			buildSettings = {
				BUNDLE_LOADER = "$(TEST_HOST)";
				COMBINE_HIDPI_IMAGES = YES;
				GENERATE_INFOPLIST_FILE = YES;
				LD_RUNPATH_SEARCH_PATHS = (
					"$(inherited)",
					"@executable_path/../Frameworks",
					"@loader_path/../Frameworks",
				);
				PRODUCT_BUNDLE_IDENTIFIER = com.xingfuyi.AudioSmithTests;
				SDKROOT = macosx;
				TEST_HOST = "$(BUILT_PRODUCTS_DIR)/Audio Smith.app/Contents/MacOS/AudioSmith";
			};
			name = Release;
		};
		F05AF05324F54FB38AE12E59 /* Debug */ = {
			isa = XCBuildConfiguration;
			buildSettings = {
				APP_DISPLAY_NAME = "Audio Smith";
				ASSETCATALOG_COMPILER_APPICON_NAME = AppIcon;
				CODE_SIGN_ENTITLEMENTS = AudioSmith/Resources/AudioSmith.entitlements;
				CODE_SIGN_STYLE = Automatic;
				COMBINE_HIDPI_IMAGES = YES;
				CURRENT_PROJECT_VERSION = 1;
				ENABLE_APP_SANDBOX = NO;
				EXECUTABLE_NAME = AudioSmith;
				GENERATE_INFOPLIST_FILE = NO;
				INFOPLIST_FILE = AudioSmith/Resources/Info.plist;
				LD_RUNPATH_SEARCH_PATHS = (
					"$(inherited)",
					"@executable_path/../Frameworks",
				);
				MARKETING_VERSION = 0.1.0;
				PRODUCT_BUNDLE_IDENTIFIER = com.xingfuyi.AudioSmith;
				PRODUCT_MODULE_NAME = AudioSmith;
				PRODUCT_NAME = "Audio Smith";
				SDKROOT = macosx;
			};
			name = Debug;
		};
		F2B536F47865AB2ADEA29A1F /* Debug */ = {
			isa = XCBuildConfiguration;
			buildSettings = {
				BUNDLE_LOADER = "$(TEST_HOST)";
				COMBINE_HIDPI_IMAGES = YES;
				GENERATE_INFOPLIST_FILE = YES;
				LD_RUNPATH_SEARCH_PATHS = (
					"$(inherited)",
					"@executable_path/../Frameworks",
					"@loader_path/../Frameworks",
				);
				PRODUCT_BUNDLE_IDENTIFIER = com.xingfuyi.AudioSmithTests;
				SDKROOT = macosx;
				TEST_HOST = "$(BUILT_PRODUCTS_DIR)/Audio Smith.app/Contents/MacOS/AudioSmith";
			};
			name = Debug;
		};
/* End XCBuildConfiguration section */

/* Begin XCConfigurationList section */
		0FA76290004DE1AF9D24D335 /* Build configuration list for PBXProject "AudioSmith" */ = {
			isa = XCConfigurationList;
			buildConfigurations = (
				AFCF1432298BFCA7679F3123 /* Debug */,
				44A4567FEA0969B48C600A17 /* Release */,
				C1710C2095BE2368B12B6C3D /* Test */,
			);
			defaultConfigurationIsVisible = 0;
			defaultConfigurationName = Debug;
		};
		215153DB0EE7A2DB8D80A3B1 /* Build configuration list for PBXNativeTarget "AudioSmithTests" */ = {
			isa = XCConfigurationList;
			buildConfigurations = (
				F2B536F47865AB2ADEA29A1F /* Debug */,
				DD392A6A175F1BEBBAF455D1 /* Release */,
				33F0C97CA6BE33A18A850567 /* Test */,
			);
			defaultConfigurationIsVisible = 0;
			defaultConfigurationName = Debug;
		};
		CE2E542FE0D5DBC53C239BF3 /* Build configuration list for PBXNativeTarget "AudioSmith" */ = {
			isa = XCConfigurationList;
			buildConfigurations = (
				F05AF05324F54FB38AE12E59 /* Debug */,
				01ECE2C8048BEFD6E2AB8ECC /* Release */,
				8830AAF0FC9CBB3DCD3D1870 /* Test */,
			);
			defaultConfigurationIsVisible = 0;
			defaultConfigurationName = Debug;
		};
/* End XCConfigurationList section */

/* Begin XCRemoteSwiftPackageReference section */
		1E039AFB43A5D96DE4F68C64 /* XCRemoteSwiftPackageReference "swift-transformers" */ = {
			isa = XCRemoteSwiftPackageReference;
			repositoryURL = "https://github.com/huggingface/swift-transformers.git";
			requirement = {
				kind = revision;
				revision = 2fa33e1f5e7131a7fc64c28e6d161dcec0d24820;
			};
		};
		494773B85CC109F56654C23E /* XCRemoteSwiftPackageReference "mlx-swift-lm" */ = {
			isa = XCRemoteSwiftPackageReference;
			repositoryURL = "https://github.com/ml-explore/mlx-swift-lm.git";
			requirement = {
				kind = revision;
				revision = bd4b7434e6bdb588c7ef55706ff8904cb7fd4c57;
			};
		};
		C0286CE65C57A582B96C39CF /* XCRemoteSwiftPackageReference "mlx-audio-swift" */ = {
			isa = XCRemoteSwiftPackageReference;
			repositoryURL = "https://github.com/Blaizzy/mlx-audio-swift.git";
			requirement = {
				kind = revision;
				revision = 4266f988d170a83017d1e82e2e4654602f277f1d;
			};
		};
/* End XCRemoteSwiftPackageReference section */

/* Begin XCSwiftPackageProductDependency section */
		53ED9789B7ED233845739BB6 /* MLXLLM */ = {
			isa = XCSwiftPackageProductDependency;
			package = 494773B85CC109F56654C23E /* XCRemoteSwiftPackageReference "mlx-swift-lm" */;
			productName = MLXLLM;
		};
		5D1028F4E07FFA3948B1DEA4 /* Tokenizers */ = {
			isa = XCSwiftPackageProductDependency;
			package = 1E039AFB43A5D96DE4F68C64 /* XCRemoteSwiftPackageReference "swift-transformers" */;
			productName = Tokenizers;
		};
		5E2A54671867ACD9149F76C8 /* MLXAudioCore */ = {
			isa = XCSwiftPackageProductDependency;
			package = C0286CE65C57A582B96C39CF /* XCRemoteSwiftPackageReference "mlx-audio-swift" */;
			productName = MLXAudioCore;
		};
		842177AF54728EE5306C7E45 /* MLXAudioSTT */ = {
			isa = XCSwiftPackageProductDependency;
			package = C0286CE65C57A582B96C39CF /* XCRemoteSwiftPackageReference "mlx-audio-swift" */;
			productName = MLXAudioSTT;
		};
		CC230ADCE104CAD63D275893 /* MLXLMCommon */ = {
			isa = XCSwiftPackageProductDependency;
			package = 494773B85CC109F56654C23E /* XCRemoteSwiftPackageReference "mlx-swift-lm" */;
			productName = MLXLMCommon;
		};
/* End XCSwiftPackageProductDependency section */
	};
	rootObject = E87A5760C93C2E369E0FE707 /* Project object */;
}
